
Microsoft Visual Studio Solution File, Format Version 12.00
# Visual Studio Version 17
VisualStudioVersion = 17.14.37111.16 d17.14
MinimumVisualStudioVersion = 10.0.40219.1
Project("{8BC9CEB8-8B4A-11D0-8D11-00A0C91BC942}") = "Pragma", "Pragma\Pragma.vcxproj", "{EC1DE576-E87A-446F-8DA8-67992210C237}"
EndProject
Global
	GlobalSection(SolutionConfigurationPlatforms) = preSolution
		Debug|x64 = Debug|x64
		Release|x64 = Release|x64
	EndGlobalSection
	GlobalSection(ProjectConfigurationPlatforms) = postSolution
		{EC1DE576-E87A-446F-8DA8-67992210C237}.Debug|x64.ActiveCfg = Debug|x64
		{EC1DE576-E87A-446F-8DA8-67992210C237}.Debug|x64.Build.0 = Debug|x64
		{EC1DE576-E87A-446F-8DA8-67992210C237}.Release|x64.ActiveCfg = Release|x64
		{EC1DE576-E87A-446F-8DA8-67992210C237}.Release|x64.Build.0 = Release|x64
	EndGlobalSection
	GlobalSection(SolutionProperties) = preSolution
		HideSolutionNode = FALSE
	EndGlobalSection
	GlobalSection(ExtensibilityGlobals) = postSolution
		SolutionGuid = {F678C380-7811-47F0-B20E-95FD586F848C}
	EndGlobalSection
EndGlobal
